Microsoft Visual Studio Solution File, Format Version 12.00
# Visual Studio 2012
Project("{FAE04EC0-301F-11D3-BF4B-00C04F79EFBC}") = "Drag and drop", "Drag and drop.csproj", "{A9B987CC-CA5C-4D34-87FE-6DD19CF93F55}"
EndProject
Global
	GlobalSection(SolutionConfigurationPlatforms) = preSolution
	Debug|Any CPU = Debug|Any CPU
	ExportDebug|Any CPU = ExportDebug|Any CPU
	ExportRelease|Any CPU = ExportRelease|Any CPU
	EndGlobalSection
	GlobalSection(ProjectConfigurationPlatforms) = postSolution
		{A9B987CC-CA5C-4D34-87FE-6DD19CF93F55}.Debug|Any CPU.ActiveCfg = Debug|Any CPU
		{A9B987CC-CA5C-4D34-87FE-6DD19CF93F55}.Debug|Any CPU.Build.0 = Debug|Any CPU
		{A9B987CC-CA5C-4D34-87FE-6DD19CF93F55}.ExportDebug|Any CPU.ActiveCfg = ExportDebug|Any CPU
		{A9B987CC-CA5C-4D34-87FE-6DD19CF93F55}.ExportDebug|Any CPU.Build.0 = ExportDebug|Any CPU
		{A9B987CC-CA5C-4D34-87FE-6DD19CF93F55}.ExportRelease|Any CPU.ActiveCfg = ExportRelease|Any CPU
		{A9B987CC-CA5C-4D34-87FE-6DD19CF93F55}.ExportRelease|Any CPU.Build.0 = ExportRelease|Any CPU
	EndGlobalSection
EndGlobal
